
Microsoft Visual Studio Solution File, Format Version 12.00
# Visual Studio Version 17
VisualStudioVersion = 17.8.34322.80
MinimumVisualStudioVersion = 10.0.40219.1
Project("{FAE04EC0-301F-11D3-BF4B-00C04F79EFBC}") = "BankingWebApp", "BankingWebApp\BankingWebApp.csproj", "{12C8FD75-7F6A-4439-99C8-B73018C5CD3B}"
EndProject
Global
	GlobalSection(SolutionConfigurationPlatforms) = preSolution
		Debug|Any CPU = Debug|Any CPU
		Release|Any CPU = Release|Any CPU
	EndGlobalSection
	GlobalSection(ProjectConfigurationPlatforms) = postSolution
		{12C8FD75-7F6A-4439-99C8-B73018C5CD3B}.Debug|Any CPU.ActiveCfg = Debug|Any CPU
		{12C8FD75-7F6A-4439-99C8-B73018C5CD3B}.Debug|Any CPU.Build.0 = Debug|Any CPU
		{12C8FD75-7F6A-4439-99C8-B73018C5CD3B}.Release|Any CPU.ActiveCfg = Release|Any CPU
		{12C8FD75-7F6A-4439-99C8-B73018C5CD3B}.Release|Any CPU.Build.0 = Release|Any CPU
	EndGlobalSection
	GlobalSection(SolutionProperties) = preSolution
		HideSolutionNode = FALSE
	EndGlobalSection
	GlobalSection(ExtensibilityGlobals) = postSolution
		SolutionGuid = {2BC264C9-5EA9-48CC-8D9B-FD2F7C0864DE}
	EndGlobalSection
EndGlobal
